
Microsoft Visual Studio Solution File, Format Version 12.00
# Visual Studio 15
VisualStudioVersion = 15.0.27703.2000
MinimumVisualStudioVersion = 10.0.40219.1
Project("{FAE04EC0-301F-11D3-BF4B-00C04F79EFBC}") = "Neighborstash.Core", "Neighborstash\Neighborstash.Core\Neighborstash.Core.csproj", "{C011D499-FA7C-4D59-A4DE-FF65443E5BE3}"
EndProject
Project("{FAE04EC0-301F-11D3-BF4B-00C04F79EFBC}") = "Neighborstash.Droid", "Neighborstash\Neighborstash.Droid\Neighborstash.Droid.csproj", "{348FB556-FAFE-40EA-84FE-7CF3B87A5E41}"
EndProject
Project("{FAE04EC0-301F-11D3-BF4B-00C04F79EFBC}") = "Neighborstash.iOS", "Neighborstash\Neighborstash.iOS\Neighborstash.iOS.csproj", "{D23E6E7F-43DD-4E06-AC2F-544C671B4448}"
EndProject
Project("{FAE04EC0-301F-11D3-BF4B-00C04F79EFBC}") = "Neighborstash.UWP", "Neighborstash\Neighborstash.UWP\Neighborstash.UWP.csproj", "{4FE8E466-5E04-4870-881E-2389C6F9A4B6}"
EndProject
Project("{FAE04EC0-301F-11D3-BF4B-00C04F79EFBC}") = "Neighborstash.WPF", "Neighborstash\Neighborstash.WPF\Neighborstash.WPF.csproj", "{D52F8A44-17F0-4A27-BF00-6C692C401D9B}"
EndProject
Project("{FAE04EC0-301F-11D3-BF4B-00C04F79EFBC}") = "Neighborstash.Test", "Neighborstash.Test\Neighborstash.Test.csproj", "{C136BE37-ABFB-470A-B015-4077DFF966ED}"
EndProject
Global
	GlobalSection(SolutionConfigurationPlatforms) = preSolution
		Ad-Hoc|Any CPU = Ad-Hoc|Any CPU
		Ad-Hoc|ARM = Ad-Hoc|ARM
		Ad-Hoc|iPhone = Ad-Hoc|iPhone
		Ad-Hoc|iPhoneSimulator = Ad-Hoc|iPhoneSimulator
		Ad-Hoc|x64 = Ad-Hoc|x64
		Ad-Hoc|x86 = Ad-Hoc|x86
		AppStore|Any CPU = AppStore|Any CPU
		AppStore|ARM = AppStore|ARM
		AppStore|iPhone = AppStore|iPhone
		AppStore|iPhoneSimulator = AppStore|iPhoneSimulator
		AppStore|x64 = AppStore|x64
		AppStore|x86 = AppStore|x86
		Debug|Any CPU = Debug|Any CPU
		Debug|ARM = Debug|ARM
		Debug|iPhone = Debug|iPhone
		Debug|iPhoneSimulator = Debug|iPhoneSimulator
		Debug|x64 = Debug|x64
		Debug|x86 = Debug|x86
		Release|Any CPU = Release|Any CPU
		Release|ARM = Release|ARM
		Release|iPhone = Release|iPhone
		Release|iPhoneSimulator = Release|iPhoneSimulator
		Release|x64 = Release|x64
		Release|x86 = Release|x86
	EndGlobalSection
	GlobalSection(ProjectConfigurationPlatforms) = postSolution
		{C011D499-FA7C-4D59-A4DE-FF65443E5BE3}.Ad-Hoc|Any CPU.ActiveCfg = Debug|Any CPU
		{C011D499-FA7C-4D59-A4DE-FF65443E5BE3}.Ad-Hoc|Any CPU.Build.0 = Debug|Any CPU
		{C011D499-FA7C-4D59-A4DE-FF65443E5BE3}.Ad-Hoc|ARM.ActiveCfg = Debug|Any CPU
		{C011D499-FA7C-4D59-A4DE-FF65443E5BE3}.Ad-Hoc|ARM.Build.0 = Debug|Any CPU
		{C011D499-FA7C-4D59-A4DE-FF65443E5BE3}.Ad-Hoc|iPhone.ActiveCfg = Debug|Any CPU
		{C011D499-FA7C-4D59-A4DE-FF65443E5BE3}.Ad-Hoc|iPhone.Build.0 = Debug|Any CPU
		{C011D499-FA7C-4D59-A4DE-FF65443E5BE3}.Ad-Hoc|iPhoneSimulator.ActiveCfg = Debug|Any CPU
		{C011D499-FA7C-4D59-A4DE-FF65443E5BE3}.Ad-Hoc|iPhoneSimulator.Build.0 = Debug|Any CPU
		{C011D499-FA7C-4D59-A4DE-FF65443E5BE3}.Ad-Hoc|x64.ActiveCfg = Debug|Any CPU
		{C011D499-FA7C-4D59-A4DE-FF65443E5BE3}.Ad-Hoc|x64.Build.0 = Debug|Any CPU
		{C011D499-FA7C-4D59-A4DE-FF65443E5BE3}.Ad-Hoc|x86.ActiveCfg = Debug|Any CPU
		{C011D499-FA7C-4D59-A4DE-FF65443E5BE3}.Ad-Hoc|x86.Build.0 = Debug|Any CPU
		{C011D499-FA7C-4D59-A4DE-FF65443E5BE3}.AppStore|Any CPU.ActiveCfg = Debug|Any CPU
		{C011D499-FA7C-4D59-A4DE-FF65443E5BE3}.AppStore|Any CPU.Build.0 = Debug|Any CPU
		{C011D499-FA7C-4D59-A4DE-FF65443E5BE3}.AppStore|ARM.ActiveCfg = Debug|Any CPU
		{C011D499-FA7C-4D59-A4DE-FF65443E5BE3}.AppStore|ARM.Build.0 = Debug|Any CPU
		{C011D499-FA7C-4D59-A4DE-FF65443E5BE3}.AppStore|iPhone.ActiveCfg = Debug|Any CPU
		{C011D499-FA7C-4D59-A4DE-FF65443E5BE3}.AppStore|iPhone.Build.0 = Debug|Any CPU
		{C011D499-FA7C-4D59-A4DE-FF65443E5BE3}.AppStore|iPhoneSimulator.ActiveCfg = Debug|Any CPU
		{C011D499-FA7C-4D59-A4DE-FF65443E5BE3}.AppStore|iPhoneSimulator.Build.0 = Debug|Any CPU
		{C011D499-FA7C-4D59-A4DE-FF65443E5BE3}.AppStore|x64.ActiveCfg = Debug|Any CPU
		{C011D499-FA7C-4D59-A4DE-FF65443E5BE3}.AppStore|x64.Build.0 = Debug|Any CPU
		{C011D499-FA7C-4D59-A4DE-FF65443E5BE3}.AppStore|x86.ActiveCfg = Debug|Any CPU
		{C011D499-FA7C-4D59-A4DE-FF65443E5BE3}.AppStore|x86.Build.0 = Debug|Any CPU
		{C011D499-FA7C-4D59-A4DE-FF65443E5BE3}.Debug|Any CPU.ActiveCfg = Debug|Any CPU
		{C011D499-FA7C-4D59-A4DE-FF65443E5BE3}.Debug|Any CPU.Build.0 = Debug|Any CPU
		{C011D499-FA7C-4D59-A4DE-FF65443E5BE3}.Debug|ARM.ActiveCfg = Debug|Any CPU
		{C011D499-FA7C-4D59-A4DE-FF65443E5BE3}.Debug|ARM.Build.0 = Debug|Any CPU
		{C011D499-FA7C-4D59-A4DE-FF65443E5BE3}.Debug|iPhone.ActiveCfg = Debug|Any CPU
		{C011D499-FA7C-4D59-A4DE-FF65443E5BE3}.Debug|iPhone.Build.0 = Debug|Any CPU
		{C011D499-FA7C-4D59-A4DE-FF65443E5BE3}.Debug|iPhoneSimulator.ActiveCfg = Debug|Any CPU
		{C011D499-FA7C-4D59-A4DE-FF65443E5BE3}.Debug|iPhoneSimulator.Build.0 = Debug|Any CPU
		{C011D499-FA7C-4D59-A4DE-FF65443E5BE3}.Debug|x64.ActiveCfg = Debug|Any CPU
		{C011D499-FA7C-4D59-A4DE-FF65443E5BE3}.Debug|x64.Build.0 = Debug|Any CPU
		{C011D499-FA7C-4D59-A4DE-FF65443E5BE3}.Debug|x86.ActiveCfg = Debug|Any CPU
		{C011D499-FA7C-4D59-A4DE-FF65443E5BE3}.Debug|x86.Build.0 = Debug|Any CPU
		{C011D499-FA7C-4D59-A4DE-FF65443E5BE3}.Release|Any CPU.ActiveCfg = Release|Any CPU
		{C011D499-FA7C-4D59-A4DE-FF65443E5BE3}.Release|Any CPU.Build.0 = Release|Any CPU
		{C011D499-FA7C-4D59-A4DE-FF65443E5BE3}.Release|ARM.ActiveCfg = Release|Any CPU
		{C011D499-FA7C-4D59-A4DE-FF65443E5BE3}.Release|ARM.Build.0 = Release|Any CPU
		{C011D499-FA7C-4D59-A4DE-FF65443E5BE3}.Release|iPhone.ActiveCfg = Release|Any CPU
		{C011D499-FA7C-4D59-A4DE-FF65443E5BE3}.Release|iPhone.Build.0 = Release|Any CPU
		{C011D499-FA7C-4D59-A4DE-FF65443E5BE3}.Release|iPhoneSimulator.ActiveCfg = Release|Any CPU
		{C011D499-FA7C-4D59-A4DE-FF65443E5BE3}.Release|iPhoneSimulator.Build.0 = Release|Any CPU
		{C011D499-FA7C-4D59-A4DE-FF65443E5BE3}.Release|x64.ActiveCfg = Release|Any CPU
		{C011D499-FA7C-4D59-A4DE-FF65443E5BE3}.Release|x64.Build.0 = Release|Any CPU
		{C011D499-FA7C-4D59-A4DE-FF65443E5BE3}.Release|x86.ActiveCfg = Release|Any CPU
		{C011D499-FA7C-4D59-A4DE-FF65443E5BE3}.Release|x86.Build.0 = Release|Any CPU
		{348FB556-FAFE-40EA-84FE-7CF3B87A5E41}.Ad-Hoc|Any CPU.ActiveCfg = Release|Any CPU
		{348FB556-FAFE-40EA-84FE-7CF3B87A5E41}.Ad-Hoc|Any CPU.Build.0 = Release|Any CPU
		{348FB556-FAFE-40EA-84FE-7CF3B87A5E41}.Ad-Hoc|Any CPU.Deploy.0 = Release|Any CPU
		{348FB556-FAFE-40EA-84FE-7CF3B87A5E41}.Ad-Hoc|ARM.ActiveCfg = Release|Any CPU
		{348FB556-FAFE-40EA-84FE-7CF3B87A5E41}.Ad-Hoc|ARM.Build.0 = Release|Any CPU
		{348FB556-FAFE-40EA-84FE-7CF3B87A5E41}.Ad-Hoc|ARM.Deploy.0 = Release|Any CPU
		{348FB556-FAFE-40EA-84FE-7CF3B87A5E41}.Ad-Hoc|iPhone.ActiveCfg = Release|Any CPU
		{348FB556-FAFE-40EA-84FE-7CF3B87A5E41}.Ad-Hoc|iPhone.Build.0 = Release|Any CPU
		{348FB556-FAFE-40EA-84FE-7CF3B87A5E41}.Ad-Hoc|iPhone.Deploy.0 = Release|Any CPU
		{348FB556-FAFE-40EA-84FE-7CF3B87A5E41}.Ad-Hoc|iPhoneSimulator.ActiveCfg = Release|Any CPU
		{348FB556-FAFE-40EA-84FE-7CF3B87A5E41}.Ad-Hoc|iPhoneSimulator.Build.0 = Release|Any CPU
		{348FB556-FAFE-40EA-84FE-7CF3B87A5E41}.Ad-Hoc|iPhoneSimulator.Deploy.0 = Release|Any CPU
		{348FB556-FAFE-40EA-84FE-7CF3B87A5E41}.Ad-Hoc|x64.ActiveCfg = Release|Any CPU
		{348FB556-FAFE-40EA-84FE-7CF3B87A5E41}.Ad-Hoc|x64.Build.0 = Release|Any CPU
		{348FB556-FAFE-40EA-84FE-7CF3B87A5E41}.Ad-Hoc|x64.Deploy.0 = Release|Any CPU
		{348FB556-FAFE-40EA-84FE-7CF3B87A5E41}.Ad-Hoc|x86.ActiveCfg = Release|Any CPU
		{348FB556-FAFE-40EA-84FE-7CF3B87A5E41}.Ad-Hoc|x86.Build.0 = Release|Any CPU
		{348FB556-FAFE-40EA-84FE-7CF3B87A5E41}.Ad-Hoc|x86.Deploy.0 = Release|Any CPU
		{348FB556-FAFE-40EA-84FE-7CF3B87A5E41}.AppStore|Any CPU.ActiveCfg = Release|Any CPU
		{348FB556-FAFE-40EA-84FE-7CF3B87A5E41}.AppStore|Any CPU.Build.0 = Release|Any CPU
		{348FB556-FAFE-40EA-84FE-7CF3B87A5E41}.AppStore|Any CPU.Deploy.0 = Release|Any CPU
		{348FB556-FAFE-40EA-84FE-7CF3B87A5E41}.AppStore|ARM.ActiveCfg = Release|Any CPU
		{348FB556-FAFE-40EA-84FE-7CF3B87A5E41}.AppStore|ARM.Build.0 = Release|Any CPU
		{348FB556-FAFE-40EA-84FE-7CF3B87A5E41}.AppStore|ARM.Deploy.0 = Release|Any CPU
		{348FB556-FAFE-40EA-84FE-7CF3B87A5E41}.AppStore|iPhone.ActiveCfg = Release|Any CPU
		{348FB556-FAFE-40EA-84FE-7CF3B87A5E41}.AppStore|iPhone.Build.0 = Release|Any CPU
		{348FB556-FAFE-40EA-84FE-7CF3B87A5E41}.AppStore|iPhone.Deploy.0 = Release|Any CPU
		{348FB556-FAFE-40EA-84FE-7CF3B87A5E41}.AppStore|iPhoneSimulator.ActiveCfg = Release|Any CPU
		{348FB556-FAFE-40EA-84FE-7CF3B87A5E41}.AppStore|iPhoneSimulator.Build.0 = Release|Any CPU
		{348FB556-FAFE-40EA-84FE-7CF3B87A5E41}.AppStore|iPhoneSimulator.Deploy.0 = Release|Any CPU
		{348FB556-FAFE-40EA-84FE-7CF3B87A5E41}.AppStore|x64.ActiveCfg = Release|Any CPU
		{348FB556-FAFE-40EA-84FE-7CF3B87A5E41}.AppStore|x64.Build.0 = Release|Any CPU
		{348FB556-FAFE-40EA-84FE-7CF3B87A5E41}.AppStore|x64.Deploy.0 = Release|Any CPU
		{348FB556-FAFE-40EA-84FE-7CF3B87A5E41}.AppStore|x86.ActiveCfg = Release|Any CPU
		{348FB556-FAFE-40EA-84FE-7CF3B87A5E41}.AppStore|x86.Build.0 = Release|Any CPU
		{348FB556-FAFE-40EA-84FE-7CF3B87A5E41}.AppStore|x86.Deploy.0 = Release|Any CPU
		{348FB556-FAFE-40EA-84FE-7CF3B87A5E41}.Debug|Any CPU.ActiveCfg = Debug|Any CPU
		{348FB556-FAFE-40EA-84FE-7CF3B87A5E41}.Debug|Any CPU.Build.0 = Debug|Any CPU
		{348FB556-FAFE-40EA-84FE-7CF3B87A5E41}.Debug|Any CPU.Deploy.0 = Debug|Any CPU
		{348FB556-FAFE-40EA-84FE-7CF3B87A5E41}.Debug|ARM.ActiveCfg = Debug|Any CPU
		{348FB556-FAFE-40EA-84FE-7CF3B87A5E41}.Debug|ARM.Build.0 = Debug|Any CPU
		{348FB556-FAFE-40EA-84FE-7CF3B87A5E41}.Debug|ARM.Deploy.0 = Debug|Any CPU
		{348FB556-FAFE-40EA-84FE-7CF3B87A5E41}.Debug|iPhone.ActiveCfg = Debug|Any CPU
		{348FB556-FAFE-40EA-84FE-7CF3B87A5E41}.Debug|iPhone.Build.0 = Debug|Any CPU
		{348FB556-FAFE-40EA-84FE-7CF3B87A5E41}.Debug|iPhone.Deploy.0 = Debug|Any CPU
		{348FB556-FAFE-40EA-84FE-7CF3B87A5E41}.Debug|iPhoneSimulator.ActiveCfg = Debug|Any CPU
		{348FB556-FAFE-40EA-84FE-7CF3B87A5E41}.Debug|iPhoneSimulator.Build.0 = Debug|Any CPU
		{348FB556-FAFE-40EA-84FE-7CF3B87A5E41}.Debug|iPhoneSimulator.Deploy.0 = Debug|Any CPU
		{348FB556-FAFE-40EA-84FE-7CF3B87A5E41}.Debug|x64.ActiveCfg = Debug|Any CPU
		{348FB556-FAFE-40EA-84FE-7CF3B87A5E41}.Debug|x64.Build.0 = Debug|Any CPU
		{348FB556-FAFE-40EA-84FE-7CF3B87A5E41}.Debug|x64.Deploy.0 = Debug|Any CPU
		{348FB556-FAFE-40EA-84FE-7CF3B87A5E41}.Debug|x86.ActiveCfg = Debug|Any CPU
		{348FB556-FAFE-40EA-84FE-7CF3B87A5E41}.Debug|x86.Build.0 = Debug|Any CPU
		{348FB556-FAFE-40EA-84FE-7CF3B87A5E41}.Debug|x86.Deploy.0 = Debug|Any CPU
		{348FB556-FAFE-40EA-84FE-7CF3B87A5E41}.Release|Any CPU.ActiveCfg = Release|Any CPU
		{348FB556-FAFE-40EA-84FE-7CF3B87A5E41}.Release|Any CPU.Build.0 = Release|Any CPU
		{348FB556-FAFE-40EA-84FE-7CF3B87A5E41}.Release|Any CPU.Deploy.0 = Release|Any CPU
		{348FB556-FAFE-40EA-84FE-7CF3B87A5E41}.Release|ARM.ActiveCfg = Release|Any CPU
		{348FB556-FAFE-40EA-84FE-7CF3B87A5E41}.Release|ARM.Build.0 = Release|Any CPU
		{348FB556-FAFE-40EA-84FE-7CF3B87A5E41}.Release|ARM.Deploy.0 = Release|Any CPU
		{348FB556-FAFE-40EA-84FE-7CF3B87A5E41}.Release|iPhone.ActiveCfg = Release|Any CPU
		{348FB556-FAFE-40EA-84FE-7CF3B87A5E41}.Release|iPhone.Build.0 = Release|Any CPU
		{348FB556-FAFE-40EA-84FE-7CF3B87A5E41}.Release|iPhone.Deploy.0 = Release|Any CPU
		{348FB556-FAFE-40EA-84FE-7CF3B87A5E41}.Release|iPhoneSimulator.ActiveCfg = Release|Any CPU
		{348FB556-FAFE-40EA-84FE-7CF3B87A5E41}.Release|iPhoneSimulator.Build.0 = Release|Any CPU
		{348FB556-FAFE-40EA-84FE-7CF3B87A5E41}.Release|iPhoneSimulator.Deploy.0 = Release|Any CPU
		{348FB556-FAFE-40EA-84FE-7CF3B87A5E41}.Release|x64.ActiveCfg = Release|Any CPU
		{348FB556-FAFE-40EA-84FE-7CF3B87A5E41}.Release|x64.Build.0 = Release|Any CPU
		{348FB556-FAFE-40EA-84FE-7CF3B87A5E41}.Release|x64.Deploy.0 = Release|Any CPU
		{348FB556-FAFE-40EA-84FE-7CF3B87A5E41}.Release|x86.ActiveCfg = Release|Any CPU
		{348FB556-FAFE-40EA-84FE-7CF3B87A5E41}.Release|x86.Build.0 = Release|Any CPU
		{348FB556-FAFE-40EA-84FE-7CF3B87A5E41}.Release|x86.Deploy.0 = Release|Any CPU
		{D23E6E7F-43DD-4E06-AC2F-544C671B4448}.Ad-Hoc|Any CPU.ActiveCfg = Ad-Hoc|iPhone
		{D23E6E7F-43DD-4E06-AC2F-544C671B4448}.Ad-Hoc|ARM.ActiveCfg = Ad-Hoc|iPhone
		{D23E6E7F-43DD-4E06-AC2F-544C671B4448}.Ad-Hoc|iPhone.ActiveCfg = Ad-Hoc|iPhone
		{D23E6E7F-43DD-4E06-AC2F-544C671B4448}.Ad-Hoc|iPhone.Build.0 = Ad-Hoc|iPhone
		{D23E6E7F-43DD-4E06-AC2F-544C671B4448}.Ad-Hoc|iPhoneSimulator.ActiveCfg = Ad-Hoc|iPhoneSimulator
		{D23E6E7F-43DD-4E06-AC2F-544C671B4448}.Ad-Hoc|iPhoneSimulator.Build.0 = Ad-Hoc|iPhoneSimulator
		{D23E6E7F-43DD-4E06-AC2F-544C671B4448}.Ad-Hoc|x64.ActiveCfg = Ad-Hoc|iPhone
		{D23E6E7F-43DD-4E06-AC2F-544C671B4448}.Ad-Hoc|x86.ActiveCfg = Ad-Hoc|iPhone
		{D23E6E7F-43DD-4E06-AC2F-544C671B4448}.AppStore|Any CPU.ActiveCfg = AppStore|iPhone
		{D23E6E7F-43DD-4E06-AC2F-544C671B4448}.AppStore|ARM.ActiveCfg = AppStore|iPhone
		{D23E6E7F-43DD-4E06-AC2F-544C671B4448}.AppStore|iPhone.ActiveCfg = AppStore|iPhone
		{D23E6E7F-43DD-4E06-AC2F-544C671B4448}.AppStore|iPhone.Build.0 = AppStore|iPhone
		{D23E6E7F-43DD-4E06-AC2F-544C671B4448}.AppStore|iPhoneSimulator.ActiveCfg = AppStore|iPhoneSimulator
		{D23E6E7F-43DD-4E06-AC2F-544C671B4448}.AppStore|iPhoneSimulator.Build.0 = AppStore|iPhoneSimulator
		{D23E6E7F-43DD-4E06-AC2F-544C671B4448}.AppStore|x64.ActiveCfg = AppStore|iPhone
		{D23E6E7F-43DD-4E06-AC2F-544C671B4448}.AppStore|x86.ActiveCfg = AppStore|iPhone
		{D23E6E7F-43DD-4E06-AC2F-544C671B4448}.Debug|Any CPU.ActiveCfg = Debug|iPhone
		{D23E6E7F-43DD-4E06-AC2F-544C671B4448}.Debug|ARM.ActiveCfg = Debug|iPhone
		{D23E6E7F-43DD-4E06-AC2F-544C671B4448}.Debug|iPhone.ActiveCfg = Debug|iPhone
		{D23E6E7F-43DD-4E06-AC2F-544C671B4448}.Debug|iPhone.Build.0 = Debug|iPhone
		{D23E6E7F-43DD-4E06-AC2F-544C671B4448}.Debug|iPhoneSimulator.ActiveCfg = Debug|iPhoneSimulator
		{D23E6E7F-43DD-4E06-AC2F-544C671B4448}.Debug|iPhoneSimulator.Build.0 = Debug|iPhoneSimulator
		{D23E6E7F-43DD-4E06-AC2F-544C671B4448}.Debug|x64.ActiveCfg = Debug|iPhone
		{D23E6E7F-43DD-4E06-AC2F-544C671B4448}.Debug|x86.ActiveCfg = Debug|iPhone
		{D23E6E7F-43DD-4E06-AC2F-544C671B4448}.Release|Any CPU.ActiveCfg = Release|iPhone
		{D23E6E7F-43DD-4E06-AC2F-544C671B4448}.Release|ARM.ActiveCfg = Release|iPhone
		{D23E6E7F-43DD-4E06-AC2F-544C671B4448}.Release|iPhone.ActiveCfg = Release|iPhone
		{D23E6E7F-43DD-4E06-AC2F-544C671B4448}.Release|iPhone.Build.0 = Release|iPhone
		{D23E6E7F-43DD-4E06-AC2F-544C671B4448}.Release|iPhoneSimulator.ActiveCfg = Release|iPhoneSimulator
		{D23E6E7F-43DD-4E06-AC2F-544C671B4448}.Release|iPhoneSimulator.Build.0 = Release|iPhoneSimulator
		{D23E6E7F-43DD-4E06-AC2F-544C671B4448}.Release|x64.ActiveCfg = Release|iPhone
		{D23E6E7F-43DD-4E06-AC2F-544C671B4448}.Release|x86.ActiveCfg = Release|iPhone
		{4FE8E466-5E04-4870-881E-2389C6F9A4B6}.Ad-Hoc|Any CPU.ActiveCfg = Release|x64
		{4FE8E466-5E04-4870-881E-2389C6F9A4B6}.Ad-Hoc|Any CPU.Build.0 = Release|x64
		{4FE8E466-5E04-4870-881E-2389C6F9A4B6}.Ad-Hoc|Any CPU.Deploy.0 = Release|x64
		{4FE8E466-5E04-4870-881E-2389C6F9A4B6}.Ad-Hoc|ARM.ActiveCfg = Release|ARM
		{4FE8E466-5E04-4870-881E-2389C6F9A4B6}.Ad-Hoc|ARM.Build.0 = Release|ARM
		{4FE8E466-5E04-4870-881E-2389C6F9A4B6}.Ad-Hoc|ARM.Deploy.0 = Release|ARM
		{4FE8E466-5E04-4870-881E-2389C6F9A4B6}.Ad-Hoc|iPhone.ActiveCfg = Release|x64
		{4FE8E466-5E04-4870-881E-2389C6F9A4B6}.Ad-Hoc|iPhone.Build.0 = Release|x64
		{4FE8E466-5E04-4870-881E-2389C6F9A4B6}.Ad-Hoc|iPhone.Deploy.0 = Release|x64
		{4FE8E466-5E04-4870-881E-2389C6F9A4B6}.Ad-Hoc|iPhoneSimulator.ActiveCfg = Release|x64
		{4FE8E466-5E04-4870-881E-2389C6F9A4B6}.Ad-Hoc|iPhoneSimulator.Build.0 = Release|x64
		{4FE8E466-5E04-4870-881E-2389C6F9A4B6}.Ad-Hoc|iPhoneSimulator.Deploy.0 = Release|x64
		{4FE8E466-5E04-4870-881E-2389C6F9A4B6}.Ad-Hoc|x64.ActiveCfg = Release|x64
		{4FE8E466-5E04-4870-881E-2389C6F9A4B6}.Ad-Hoc|x64.Build.0 = Release|x64
		{4FE8E466-5E04-4870-881E-2389C6F9A4B6}.Ad-Hoc|x64.Deploy.0 = Release|x64
		{4FE8E466-5E04-4870-881E-2389C6F9A4B6}.Ad-Hoc|x86.ActiveCfg = Release|x86
		{4FE8E466-5E04-4870-881E-2389C6F9A4B6}.Ad-Hoc|x86.Build.0 = Release|x86
		{4FE8E466-5E04-4870-881E-2389C6F9A4B6}.Ad-Hoc|x86.Deploy.0 = Release|x86
		{4FE8E466-5E04-4870-881E-2389C6F9A4B6}.AppStore|Any CPU.ActiveCfg = Release|x64
		{4FE8E466-5E04-4870-881E-2389C6F9A4B6}.AppStore|Any CPU.Build.0 = Release|x64
		{4FE8E466-5E04-4870-881E-2389C6F9A4B6}.AppStore|Any CPU.Deploy.0 = Release|x64
		{4FE8E466-5E04-4870-881E-2389C6F9A4B6}.AppStore|ARM.ActiveCfg = Release|ARM
		{4FE8E466-5E04-4870-881E-2389C6F9A4B6}.AppStore|ARM.Build.0 = Release|ARM
		{4FE8E466-5E04-4870-881E-2389C6F9A4B6}.AppStore|ARM.Deploy.0 = Release|ARM
		{4FE8E466-5E04-4870-881E-2389C6F9A4B6}.AppStore|iPhone.ActiveCfg = Release|x64
		{4FE8E466-5E04-4870-881E-2389C6F9A4B6}.AppStore|iPhone.Build.0 = Release|x64
		{4FE8E466-5E04-4870-881E-2389C6F9A4B6}.AppStore|iPhone.Deploy.0 = Release|x64
		{4FE8E466-5E04-4870-881E-2389C6F9A4B6}.AppStore|iPhoneSimulator.ActiveCfg = Release|x64
		{4FE8E466-5E04-4870-881E-2389C6F9A4B6}.AppStore|iPhoneSimulator.Build.0 = Release|x64
		{4FE8E466-5E04-4870-881E-2389C6F9A4B6}.AppStore|iPhoneSimulator.Deploy.0 = Release|x64
		{4FE8E466-5E04-4870-881E-2389C6F9A4B6}.AppStore|x64.ActiveCfg = Release|x64
		{4FE8E466-5E04-4870-881E-2389C6F9A4B6}.AppStore|x64.Build.0 = Release|x64
		{4FE8E466-5E04-4870-881E-2389C6F9A4B6}.AppStore|x64.Deploy.0 = Release|x64
		{4FE8E466-5E04-4870-881E-2389C6F9A4B6}.AppStore|x86.ActiveCfg = Release|x86
		{4FE8E466-5E04-4870-881E-2389C6F9A4B6}.AppStore|x86.Build.0 = Release|x86
		{4FE8E466-5E04-4870-881E-2389C6F9A4B6}.AppStore|x86.Deploy.0 = Release|x86
		{4FE8E466-5E04-4870-881E-2389C6F9A4B6}.Debug|Any CPU.ActiveCfg = Debug|x86
		{4FE8E466-5E04-4870-881E-2389C6F9A4B6}.Debug|ARM.ActiveCfg = Debug|ARM
		{4FE8E466-5E04-4870-881E-2389C6F9A4B6}.Debug|ARM.Build.0 = Debug|ARM
		{4FE8E466-5E04-4870-881E-2389C6F9A4B6}.Debug|ARM.Deploy.0 = Debug|ARM
		{4FE8E466-5E04-4870-881E-2389C6F9A4B6}.Debug|iPhone.ActiveCfg = Debug|x86
		{4FE8E466-5E04-4870-881E-2389C6F9A4B6}.Debug|iPhoneSimulator.ActiveCfg = Debug|x86
		{4FE8E466-5E04-4870-881E-2389C6F9A4B6}.Debug|x64.ActiveCfg = Debug|x64
		{4FE8E466-5E04-4870-881E-2389C6F9A4B6}.Debug|x64.Build.0 = Debug|x64
		{4FE8E466-5E04-4870-881E-2389C6F9A4B6}.Debug|x64.Deploy.0 = Debug|x64
		{4FE8E466-5E04-4870-881E-2389C6F9A4B6}.Debug|x86.ActiveCfg = Debug|x86
		{4FE8E466-5E04-4870-881E-2389C6F9A4B6}.Debug|x86.Build.0 = Debug|x86
		{4FE8E466-5E04-4870-881E-2389C6F9A4B6}.Debug|x86.Deploy.0 = Debug|x86
		{4FE8E466-5E04-4870-881E-2389C6F9A4B6}.Release|Any CPU.ActiveCfg = Release|x86
		{4FE8E466-5E04-4870-881E-2389C6F9A4B6}.Release|ARM.ActiveCfg = Release|ARM
		{4FE8E466-5E04-4870-881E-2389C6F9A4B6}.Release|ARM.Build.0 = Release|ARM
		{4FE8E466-5E04-4870-881E-2389C6F9A4B6}.Release|ARM.Deploy.0 = Release|ARM
		{4FE8E466-5E04-4870-881E-2389C6F9A4B6}.Release|iPhone.ActiveCfg = Release|x86
		{4FE8E466-5E04-4870-881E-2389C6F9A4B6}.Release|iPhoneSimulator.ActiveCfg = Release|x86
		{4FE8E466-5E04-4870-881E-2389C6F9A4B6}.Release|x64.ActiveCfg = Release|x64
		{4FE8E466-5E04-4870-881E-2389C6F9A4B6}.Release|x64.Build.0 = Release|x64
		{4FE8E466-5E04-4870-881E-2389C6F9A4B6}.Release|x64.Deploy.0 = Release|x64
		{4FE8E466-5E04-4870-881E-2389C6F9A4B6}.Release|x86.ActiveCfg = Release|x86
		{4FE8E466-5E04-4870-881E-2389C6F9A4B6}.Release|x86.Build.0 = Release|x86
		{4FE8E466-5E04-4870-881E-2389C6F9A4B6}.Release|x86.Deploy.0 = Release|x86
		{D52F8A44-17F0-4A27-BF00-6C692C401D9B}.Ad-Hoc|Any CPU.ActiveCfg = Release|Any CPU
		{D52F8A44-17F0-4A27-BF00-6C692C401D9B}.Ad-Hoc|Any CPU.Build.0 = Release|Any CPU
		{D52F8A44-17F0-4A27-BF00-6C692C401D9B}.Ad-Hoc|ARM.ActiveCfg = Release|Any CPU
		{D52F8A44-17F0-4A27-BF00-6C692C401D9B}.Ad-Hoc|ARM.Build.0 = Release|Any CPU
		{D52F8A44-17F0-4A27-BF00-6C692C401D9B}.Ad-Hoc|iPhone.ActiveCfg = Release|Any CPU
		{D52F8A44-17F0-4A27-BF00-6C692C401D9B}.Ad-Hoc|iPhone.Build.0 = Release|Any CPU
		{D52F8A44-17F0-4A27-BF00-6C692C401D9B}.Ad-Hoc|iPhoneSimulator.ActiveCfg = Release|Any CPU
		{D52F8A44-17F0-4A27-BF00-6C692C401D9B}.Ad-Hoc|iPhoneSimulator.Build.0 = Release|Any CPU
		{D52F8A44-17F0-4A27-BF00-6C692C401D9B}.Ad-Hoc|x64.ActiveCfg = Release|Any CPU
		{D52F8A44-17F0-4A27-BF00-6C692C401D9B}.Ad-Hoc|x64.Build.0 = Release|Any CPU
		{D52F8A44-17F0-4A27-BF00-6C692C401D9B}.Ad-Hoc|x86.ActiveCfg = Release|Any CPU
		{D52F8A44-17F0-4A27-BF00-6C692C401D9B}.Ad-Hoc|x86.Build.0 = Release|Any CPU
		{D52F8A44-17F0-4A27-BF00-6C692C401D9B}.AppStore|Any CPU.ActiveCfg = Release|Any CPU
		{D52F8A44-17F0-4A27-BF00-6C692C401D9B}.AppStore|Any CPU.Build.0 = Release|Any CPU
		{D52F8A44-17F0-4A27-BF00-6C692C401D9B}.AppStore|ARM.ActiveCfg = Release|Any CPU
		{D52F8A44-17F0-4A27-BF00-6C692C401D9B}.AppStore|ARM.Build.0 = Release|Any CPU
		{D52F8A44-17F0-4A27-BF00-6C692C401D9B}.AppStore|iPhone.ActiveCfg = Release|Any CPU
		{D52F8A44-17F0-4A27-BF00-6C692C401D9B}.AppStore|iPhone.Build.0 = Release|Any CPU
		{D52F8A44-17F0-4A27-BF00-6C692C401D9B}.AppStore|iPhoneSimulator.ActiveCfg = Release|Any CPU
		{D52F8A44-17F0-4A27-BF00-6C692C401D9B}.AppStore|iPhoneSimulator.Build.0 = Release|Any CPU
		{D52F8A44-17F0-4A27-BF00-6C692C401D9B}.AppStore|x64.ActiveCfg = Release|Any CPU
		{D52F8A44-17F0-4A27-BF00-6C692C401D9B}.AppStore|x64.Build.0 = Release|Any CPU
		{D52F8A44-17F0-4A27-BF00-6C692C401D9B}.AppStore|x86.ActiveCfg = Release|Any CPU
		{D52F8A44-17F0-4A27-BF00-6C692C401D9B}.AppStore|x86.Build.0 = Release|Any CPU
		{D52F8A44-17F0-4A27-BF00-6C692C401D9B}.Debug|Any CPU.ActiveCfg = Debug|Any CPU
		{D52F8A44-17F0-4A27-BF00-6C692C401D9B}.Debug|Any CPU.Build.0 = Debug|Any CPU
		{D52F8A44-17F0-4A27-BF00-6C692C401D9B}.Debug|ARM.ActiveCfg = Debug|Any CPU
		{D52F8A44-17F0-4A27-BF00-6C692C401D9B}.Debug|ARM.Build.0 = Debug|Any CPU
		{D52F8A44-17F0-4A27-BF00-6C692C401D9B}.Debug|iPhone.ActiveCfg = Debug|Any CPU
		{D52F8A44-17F0-4A27-BF00-6C692C401D9B}.Debug|iPhone.Build.0 = Debug|Any CPU
		{D52F8A44-17F0-4A27-BF00-6C692C401D9B}.Debug|iPhoneSimulator.ActiveCfg = Debug|Any CPU
		{D52F8A44-17F0-4A27-BF00-6C692C401D9B}.Debug|iPhoneSimulator.Build.0 = Debug|Any CPU
		{D52F8A44-17F0-4A27-BF00-6C692C401D9B}.Debug|x64.ActiveCfg = Debug|Any CPU
		{D52F8A44-17F0-4A27-BF00-6C692C401D9B}.Debug|x64.Build.0 = Debug|Any CPU
		{D52F8A44-17F0-4A27-BF00-6C692C401D9B}.Debug|x86.ActiveCfg = Debug|Any CPU
		{D52F8A44-17F0-4A27-BF00-6C692C401D9B}.Debug|x86.Build.0 = Debug|Any CPU
		{D52F8A44-17F0-4A27-BF00-6C692C401D9B}.Release|Any CPU.ActiveCfg = Release|Any CPU
		{D52F8A44-17F0-4A27-BF00-6C692C401D9B}.Release|Any CPU.Build.0 = Release|Any CPU
		{D52F8A44-17F0-4A27-BF00-6C692C401D9B}.Release|ARM.ActiveCfg = Release|Any CPU
		{D52F8A44-17F0-4A27-BF00-6C692C401D9B}.Release|ARM.Build.0 = Release|Any CPU
		{D52F8A44-17F0-4A27-BF00-6C692C401D9B}.Release|iPhone.ActiveCfg = Release|Any CPU
		{D52F8A44-17F0-4A27-BF00-6C692C401D9B}.Release|iPhone.Build.0 = Release|Any CPU
		{D52F8A44-17F0-4A27-BF00-6C692C401D9B}.Release|iPhoneSimulator.ActiveCfg = Release|Any CPU
		{D52F8A44-17F0-4A27-BF00-6C692C401D9B}.Release|iPhoneSimulator.Build.0 = Release|Any CPU
		{D52F8A44-17F0-4A27-BF00-6C692C401D9B}.Release|x64.ActiveCfg = Release|Any CPU
		{D52F8A44-17F0-4A27-BF00-6C692C401D9B}.Release|x64.Build.0 = Release|Any CPU
		{D52F8A44-17F0-4A27-BF00-6C692C401D9B}.Release|x86.ActiveCfg = Release|Any CPU
		{D52F8A44-17F0-4A27-BF00-6C692C401D9B}.Release|x86.Build.0 = Release|Any CPU
		{C136BE37-ABFB-470A-B015-4077DFF966ED}.Ad-Hoc|Any CPU.ActiveCfg = Release|Any CPU
		{C136BE37-ABFB-470A-B015-4077DFF966ED}.Ad-Hoc|Any CPU.Build.0 = Release|Any CPU
		{C136BE37-ABFB-470A-B015-4077DFF966ED}.Ad-Hoc|ARM.ActiveCfg = Release|Any CPU
		{C136BE37-ABFB-470A-B015-4077DFF966ED}.Ad-Hoc|ARM.Build.0 = Release|Any CPU
		{C136BE37-ABFB-470A-B015-4077DFF966ED}.Ad-Hoc|iPhone.ActiveCfg = Release|Any CPU
		{C136BE37-ABFB-470A-B015-4077DFF966ED}.Ad-Hoc|iPhone.Build.0 = Release|Any CPU
		{C136BE37-ABFB-470A-B015-4077DFF966ED}.Ad-Hoc|iPhoneSimulator.ActiveCfg = Release|Any CPU
		{C136BE37-ABFB-470A-B015-4077DFF966ED}.Ad-Hoc|iPhoneSimulator.Build.0 = Release|Any CPU
		{C136BE37-ABFB-470A-B015-4077DFF966ED}.Ad-Hoc|x64.ActiveCfg = Release|Any CPU
		{C136BE37-ABFB-470A-B015-4077DFF966ED}.Ad-Hoc|x64.Build.0 = Release|Any CPU
		{C136BE37-ABFB-470A-B015-4077DFF966ED}.Ad-Hoc|x86.ActiveCfg = Release|Any CPU
		{C136BE37-ABFB-470A-B015-4077DFF966ED}.Ad-Hoc|x86.Build.0 = Release|Any CPU
		{C136BE37-ABFB-470A-B015-4077DFF966ED}.AppStore|Any CPU.ActiveCfg = Release|Any CPU
		{C136BE37-ABFB-470A-B015-4077DFF966ED}.AppStore|Any CPU.Build.0 = Release|Any CPU
		{C136BE37-ABFB-470A-B015-4077DFF966ED}.AppStore|ARM.ActiveCfg = Release|Any CPU
		{C136BE37-ABFB-470A-B015-4077DFF966ED}.AppStore|ARM.Build.0 = Release|Any CPU
		{C136BE37-ABFB-470A-B015-4077DFF966ED}.AppStore|iPhone.ActiveCfg = Release|Any CPU
		{C136BE37-ABFB-470A-B015-4077DFF966ED}.AppStore|iPhone.Build.0 = Release|Any CPU
		{C136BE37-ABFB-470A-B015-4077DFF966ED}.AppStore|iPhoneSimulator.ActiveCfg = Release|Any CPU
		{C136BE37-ABFB-470A-B015-4077DFF966ED}.AppStore|iPhoneSimulator.Build.0 = Release|Any CPU
		{C136BE37-ABFB-470A-B015-4077DFF966ED}.AppStore|x64.ActiveCfg = Release|Any CPU
		{C136BE37-ABFB-470A-B015-4077DFF966ED}.AppStore|x64.Build.0 = Release|Any CPU
		{C136BE37-ABFB-470A-B015-4077DFF966ED}.AppStore|x86.ActiveCfg = Release|Any CPU
		{C136BE37-ABFB-470A-B015-4077DFF966ED}.AppStore|x86.Build.0 = Release|Any CPU
		{C136BE37-ABFB-470A-B015-4077DFF966ED}.Debug|Any CPU.ActiveCfg = Debug|Any CPU
		{C136BE37-ABFB-470A-B015-4077DFF966ED}.Debug|Any CPU.Build.0 = Debug|Any CPU
		{C136BE37-ABFB-470A-B015-4077DFF966ED}.Debug|ARM.ActiveCfg = Debug|Any CPU
		{C136BE37-ABFB-470A-B015-4077DFF966ED}.Debug|ARM.Build.0 = Debug|Any CPU
		{C136BE37-ABFB-470A-B015-4077DFF966ED}.Debug|iPhone.ActiveCfg = Debug|Any CPU
		{C136BE37-ABFB-470A-B015-4077DFF966ED}.Debug|iPhone.Build.0 = Debug|Any CPU
		{C136BE37-ABFB-470A-B015-4077DFF966ED}.Debug|iPhoneSimulator.ActiveCfg = Debug|Any CPU
		{C136BE37-ABFB-470A-B015-4077DFF966ED}.Debug|iPhoneSimulator.Build.0 = Debug|Any CPU
		{C136BE37-ABFB-470A-B015-4077DFF966ED}.Debug|x64.ActiveCfg = Debug|Any CPU
		{C136BE37-ABFB-470A-B015-4077DFF966ED}.Debug|x64.Build.0 = Debug|Any CPU
		{C136BE37-ABFB-470A-B015-4077DFF966ED}.Debug|x86.ActiveCfg = Debug|Any CPU
		{C136BE37-ABFB-470A-B015-4077DFF966ED}.Debug|x86.Build.0 = Debug|Any CPU
		{C136BE37-ABFB-470A-B015-4077DFF966ED}.Release|Any CPU.ActiveCfg = Release|Any CPU
		{C136BE37-ABFB-470A-B015-4077DFF966ED}.Release|Any CPU.Build.0 = Release|Any CPU
		{C136BE37-ABFB-470A-B015-4077DFF966ED}.Release|ARM.ActiveCfg = Release|Any CPU
		{C136BE37-ABFB-470A-B015-4077DFF966ED}.Release|ARM.Build.0 = Release|Any CPU
		{C136BE37-ABFB-470A-B015-4077DFF966ED}.Release|iPhone.ActiveCfg = Release|Any CPU
		{C136BE37-ABFB-470A-B015-4077DFF966ED}.Release|iPhone.Build.0 = Release|Any CPU
		{C136BE37-ABFB-470A-B015-4077DFF966ED}.Release|iPhoneSimulator.ActiveCfg = Release|Any CPU
		{C136BE37-ABFB-470A-B015-4077DFF966ED}.Release|iPhoneSimulator.Build.0 = Release|Any CPU
		{C136BE37-ABFB-470A-B015-4077DFF966ED}.Release|x64.ActiveCfg = Release|Any CPU
		{C136BE37-ABFB-470A-B015-4077DFF966ED}.Release|x64.Build.0 = Release|Any CPU
		{C136BE37-ABFB-470A-B015-4077DFF966ED}.Release|x86.ActiveCfg = Release|Any CPU
		{C136BE37-ABFB-470A-B015-4077DFF966ED}.Release|x86.Build.0 = Release|Any CPU
	EndGlobalSection
	GlobalSection(SolutionProperties) = preSolution
		HideSolutionNode = FALSE
	EndGlobalSection
	GlobalSection(ExtensibilityGlobals) = postSolution
		SolutionGuid = {D08B9000-1DFD-4AD6-8E33-E4CAC314EFB4}
	EndGlobalSection
EndGlobal
